
Microsoft Visual Studio Solution File, Format Version 12.00
# Visual Studio Version 16
VisualStudioVersion = 16.0.29318.209
MinimumVisualStudioVersion = 10.0.40219.1
Project("{9A19103F-16F7-4668-BE54-9A1E7A4F7556}") = "Condicionales", "Condicionales\Condicionales.csproj", "{5EF89BFF-7FE5-4212-9E28-472FEAA5F56B}"
EndProject
Project("{9A19103F-16F7-4668-BE54-9A1E7A4F7556}") = "Ejercicio1", "Ejercicio1\Ejercicio1.csproj", "{15A7790D-CE4C-48BE-B008-A1AF8FFB44BE}"
EndProject
Project("{9A19103F-16F7-4668-BE54-9A1E7A4F7556}") = "Ejercicio2", "Ejercicio2\Ejercicio2.csproj", "{9B01FFA7-726C-456E-B0D4-0D791F89A6E4}"
EndProject
Project("{9A19103F-16F7-4668-BE54-9A1E7A4F7556}") = "Ejercicio3", "Ejercicio3\Ejercicio3.csproj", "{8D82E2CA-1B0F-4C41-861A-9B828059BBF7}"
EndProject
Project("{9A19103F-16F7-4668-BE54-9A1E7A4F7556}") = "Ejercicio4", "Ejercicio4\Ejercicio4.csproj", "{4AE4DDFE-F259-4A90-B607-F904617CA1B3}"
EndProject
Project("{9A19103F-16F7-4668-BE54-9A1E7A4F7556}") = "Ejercicio5", "Ejercicio5\Ejercicio5.csproj", "{A998B8C3-768A-4B67-9262-8CA5BE53EE38}"
EndProject
Project("{9A19103F-16F7-4668-BE54-9A1E7A4F7556}") = "Ejercicio6", "Ejercicio6\Ejercicio6.csproj", "{8AEFE482-5378-4792-AB17-E7C790E16404}"
EndProject
Project("{9A19103F-16F7-4668-BE54-9A1E7A4F7556}") = "Ejercicio7", "Ejercicio7\Ejercicio7.csproj", "{E09BBD7B-0E8E-4261-91D6-D4A1E6583DF9}"
EndProject
Project("{9A19103F-16F7-4668-BE54-9A1E7A4F7556}") = "Ejercicio8", "Ejercicio8\Ejercicio8.csproj", "{88F563A5-F85A-4A1C-8B32-49DA6987415D}"
EndProject
Project("{9A19103F-16F7-4668-BE54-9A1E7A4F7556}") = "Ejercicio9", "Ejercicio9\Ejercicio9.csproj", "{E719CF94-EC52-42BD-85BC-13D561D537A6}"
EndProject
Project("{9A19103F-16F7-4668-BE54-9A1E7A4F7556}") = "Ejercicio10", "Ejercicio10\Ejercicio10.csproj", "{379F9462-CDAE-47CA-AE6F-F91B3F154494}"
EndProject
Project("{FAE04EC0-301F-11D3-BF4B-00C04F79EFBC}") = "Ejercicio11", "Ejercicio11\Ejercicio11.csproj", "{26337691-D617-44AD-87AD-E6AD735C39FA}"
EndProject
Project("{FAE04EC0-301F-11D3-BF4B-00C04F79EFBC}") = "Ejercicio12", "Ejercicio12\Ejercicio12.csproj", "{7B8A070E-8760-4726-A982-C8C4C93C6552}"
EndProject
Project("{FAE04EC0-301F-11D3-BF4B-00C04F79EFBC}") = "Ejercicio13", "Ejercicio13\Ejercicio13.csproj", "{D5DB247E-5DE8-4F86-93D5-5863412037CF}"
EndProject
Project("{FAE04EC0-301F-11D3-BF4B-00C04F79EFBC}") = "Ejercicio14", "Ejercicio14\Ejercicio14.csproj", "{7EA9EBF1-978F-41E2-B5F7-CF30E0D121B4}"
EndProject
Project("{FAE04EC0-301F-11D3-BF4B-00C04F79EFBC}") = "Ejercicio15", "Ejercicio15\Ejercicio15.csproj", "{70111CB4-46BF-4D95-A8CA-08C2DF7ABE39}"
EndProject
Project("{FAE04EC0-301F-11D3-BF4B-00C04F79EFBC}") = "Ejercicio16", "Ejercicio16\Ejercicio16.csproj", "{422BEF6A-3F12-4156-9425-1A4979898305}"
EndProject
Project("{FAE04EC0-301F-11D3-BF4B-00C04F79EFBC}") = "Ejercicio17", "Ejercicio17\Ejercicio17.csproj", "{F13F5780-4439-4804-A5F1-3B7041FBA8E0}"
EndProject
Project("{FAE04EC0-301F-11D3-BF4B-00C04F79EFBC}") = "Ejercicio18", "Ejercicio18\Ejercicio18.csproj", "{4666AF22-EA00-480A-8B0D-9B94655E7F52}"
EndProject
Project("{FAE04EC0-301F-11D3-BF4B-00C04F79EFBC}") = "Ejercicio19", "Ejercicio19\Ejercicio19.csproj", "{0E5EC849-BA70-41D8-8613-3F38BE0963EB}"
EndProject
Project("{FAE04EC0-301F-11D3-BF4B-00C04F79EFBC}") = "Ejercicio20", "Ejercicio20\Ejercicio20.csproj", "{C542B7F8-C9A9-4048-9848-D29270E181D8}"
EndProject
Project("{FAE04EC0-301F-11D3-BF4B-00C04F79EFBC}") = "Ejercicio21", "Ejercicio21\Ejercicio21.csproj", "{E77190CF-2BA7-4B8C-9735-2E3DBA3E1D7E}"
EndProject
Project("{FAE04EC0-301F-11D3-BF4B-00C04F79EFBC}") = "Ejercicio22", "Ejercicio22\Ejercicio22.csproj", "{EC1C7EFE-7FFE-436A-9E1F-0021F9FE8E76}"
EndProject
Project("{FAE04EC0-301F-11D3-BF4B-00C04F79EFBC}") = "Ejercicio23", "Ejercicio23\Ejercicio23.csproj", "{93BD077E-8AB5-4D66-AE86-69BAA5A328DD}"
EndProject
Project("{FAE04EC0-301F-11D3-BF4B-00C04F79EFBC}") = "Ejercicio24", "Ejercicio24\Ejercicio24.csproj", "{2C8D6D17-E905-4098-A5D2-ABE3EB7A4A76}"
EndProject
Project("{FAE04EC0-301F-11D3-BF4B-00C04F79EFBC}") = "Ejercicio25", "Ejercicio25\Ejercicio25.csproj", "{FA91FB5A-3C4E-46DB-BC5A-D3B270FBC787}"
EndProject
Project("{FAE04EC0-301F-11D3-BF4B-00C04F79EFBC}") = "Ejercicio26", "Ejercicio26\Ejercicio26.csproj", "{0699EBDD-1AF3-46CB-9ECD-7A17F1B66B84}"
EndProject
Project("{FAE04EC0-301F-11D3-BF4B-00C04F79EFBC}") = "Ejercicio27", "Ejercicio27\Ejercicio27.csproj", "{0A058066-496E-47D0-9B71-EB319DE18128}"
EndProject
Project("{FAE04EC0-301F-11D3-BF4B-00C04F79EFBC}") = "Ejercicio28", "Ejercicio28\Ejercicio28.csproj", "{93EE3C24-2610-4FB3-BB12-80FC9B69FB02}"
EndProject
Project("{FAE04EC0-301F-11D3-BF4B-00C04F79EFBC}") = "Ejercicio29", "Ejercicio29\Ejercicio29.csproj", "{A21EE764-BDB1-42D8-BEE0-3396DF46271F}"
EndProject
Global
	GlobalSection(SolutionConfigurationPlatforms) = preSolution
		Debug|Any CPU = Debug|Any CPU
		Release|Any CPU = Release|Any CPU
	EndGlobalSection
	GlobalSection(ProjectConfigurationPlatforms) = postSolution
		{5EF89BFF-7FE5-4212-9E28-472FEAA5F56B}.Debug|Any CPU.ActiveCfg = Debug|Any CPU
		{5EF89BFF-7FE5-4212-9E28-472FEAA5F56B}.Debug|Any CPU.Build.0 = Debug|Any CPU
		{5EF89BFF-7FE5-4212-9E28-472FEAA5F56B}.Release|Any CPU.ActiveCfg = Release|Any CPU
		{5EF89BFF-7FE5-4212-9E28-472FEAA5F56B}.Release|Any CPU.Build.0 = Release|Any CPU
		{15A7790D-CE4C-48BE-B008-A1AF8FFB44BE}.Debug|Any CPU.ActiveCfg = Debug|Any CPU
		{15A7790D-CE4C-48BE-B008-A1AF8FFB44BE}.Debug|Any CPU.Build.0 = Debug|Any CPU
		{15A7790D-CE4C-48BE-B008-A1AF8FFB44BE}.Release|Any CPU.ActiveCfg = Release|Any CPU
		{15A7790D-CE4C-48BE-B008-A1AF8FFB44BE}.Release|Any CPU.Build.0 = Release|Any CPU
		{9B01FFA7-726C-456E-B0D4-0D791F89A6E4}.Debug|Any CPU.ActiveCfg = Debug|Any CPU
		{9B01FFA7-726C-456E-B0D4-0D791F89A6E4}.Debug|Any CPU.Build.0 = Debug|Any CPU
		{9B01FFA7-726C-456E-B0D4-0D791F89A6E4}.Release|Any CPU.ActiveCfg = Release|Any CPU
		{9B01FFA7-726C-456E-B0D4-0D791F89A6E4}.Release|Any CPU.Build.0 = Release|Any CPU
		{8D82E2CA-1B0F-4C41-861A-9B828059BBF7}.Debug|Any CPU.ActiveCfg = Debug|Any CPU
		{8D82E2CA-1B0F-4C41-861A-9B828059BBF7}.Debug|Any CPU.Build.0 = Debug|Any CPU
		{8D82E2CA-1B0F-4C41-861A-9B828059BBF7}.Release|Any CPU.ActiveCfg = Release|Any CPU
		{8D82E2CA-1B0F-4C41-861A-9B828059BBF7}.Release|Any CPU.Build.0 = Release|Any CPU
		{4AE4DDFE-F259-4A90-B607-F904617CA1B3}.Debug|Any CPU.ActiveCfg = Debug|Any CPU
		{4AE4DDFE-F259-4A90-B607-F904617CA1B3}.Debug|Any CPU.Build.0 = Debug|Any CPU
		{4AE4DDFE-F259-4A90-B607-F904617CA1B3}.Release|Any CPU.ActiveCfg = Release|Any CPU
		{4AE4DDFE-F259-4A90-B607-F904617CA1B3}.Release|Any CPU.Build.0 = Release|Any CPU
		{A998B8C3-768A-4B67-9262-8CA5BE53EE38}.Debug|Any CPU.ActiveCfg = Debug|Any CPU
		{A998B8C3-768A-4B67-9262-8CA5BE53EE38}.Debug|Any CPU.Build.0 = Debug|Any CPU
		{A998B8C3-768A-4B67-9262-8CA5BE53EE38}.Release|Any CPU.ActiveCfg = Release|Any CPU
		{A998B8C3-768A-4B67-9262-8CA5BE53EE38}.Release|Any CPU.Build.0 = Release|Any CPU
		{8AEFE482-5378-4792-AB17-E7C790E16404}.Debug|Any CPU.ActiveCfg = Debug|Any CPU
		{8AEFE482-5378-4792-AB17-E7C790E16404}.Debug|Any CPU.Build.0 = Debug|Any CPU
		{8AEFE482-5378-4792-AB17-E7C790E16404}.Release|Any CPU.ActiveCfg = Release|Any CPU
		{8AEFE482-5378-4792-AB17-E7C790E16404}.Release|Any CPU.Build.0 = Release|Any CPU
		{E09BBD7B-0E8E-4261-91D6-D4A1E6583DF9}.Debug|Any CPU.ActiveCfg = Debug|Any CPU
		{E09BBD7B-0E8E-4261-91D6-D4A1E6583DF9}.Debug|Any CPU.Build.0 = Debug|Any CPU
		{E09BBD7B-0E8E-4261-91D6-D4A1E6583DF9}.Release|Any CPU.ActiveCfg = Release|Any CPU
		{E09BBD7B-0E8E-4261-91D6-D4A1E6583DF9}.Release|Any CPU.Build.0 = Release|Any CPU
		{88F563A5-F85A-4A1C-8B32-49DA6987415D}.Debug|Any CPU.ActiveCfg = Debug|Any CPU
		{88F563A5-F85A-4A1C-8B32-49DA6987415D}.Debug|Any CPU.Build.0 = Debug|Any CPU
		{88F563A5-F85A-4A1C-8B32-49DA6987415D}.Release|Any CPU.ActiveCfg = Release|Any CPU
		{88F563A5-F85A-4A1C-8B32-49DA6987415D}.Release|Any CPU.Build.0 = Release|Any CPU
		{E719CF94-EC52-42BD-85BC-13D561D537A6}.Debug|Any CPU.ActiveCfg = Debug|Any CPU
		{E719CF94-EC52-42BD-85BC-13D561D537A6}.Debug|Any CPU.Build.0 = Debug|Any CPU
		{E719CF94-EC52-42BD-85BC-13D561D537A6}.Release|Any CPU.ActiveCfg = Release|Any CPU
		{E719CF94-EC52-42BD-85BC-13D561D537A6}.Release|Any CPU.Build.0 = Release|Any CPU
		{379F9462-CDAE-47CA-AE6F-F91B3F154494}.Debug|Any CPU.ActiveCfg = Debug|Any CPU
		{379F9462-CDAE-47CA-AE6F-F91B3F154494}.Debug|Any CPU.Build.0 = Debug|Any CPU
		{379F9462-CDAE-47CA-AE6F-F91B3F154494}.Release|Any CPU.ActiveCfg = Release|Any CPU
		{379F9462-CDAE-47CA-AE6F-F91B3F154494}.Release|Any CPU.Build.0 = Release|Any CPU
		{26337691-D617-44AD-87AD-E6AD735C39FA}.Debug|Any CPU.ActiveCfg = Debug|Any CPU
		{26337691-D617-44AD-87AD-E6AD735C39FA}.Debug|Any CPU.Build.0 = Debug|Any CPU
		{26337691-D617-44AD-87AD-E6AD735C39FA}.Release|Any CPU.ActiveCfg = Release|Any CPU
		{26337691-D617-44AD-87AD-E6AD735C39FA}.Release|Any CPU.Build.0 = Release|Any CPU
		{7B8A070E-8760-4726-A982-C8C4C93C6552}.Debug|Any CPU.ActiveCfg = Debug|Any CPU
		{7B8A070E-8760-4726-A982-C8C4C93C6552}.Debug|Any CPU.Build.0 = Debug|Any CPU
		{7B8A070E-8760-4726-A982-C8C4C93C6552}.Release|Any CPU.ActiveCfg = Release|Any CPU
		{7B8A070E-8760-4726-A982-C8C4C93C6552}.Release|Any CPU.Build.0 = Release|Any CPU
		{D5DB247E-5DE8-4F86-93D5-5863412037CF}.Debug|Any CPU.ActiveCfg = Debug|Any CPU
		{D5DB247E-5DE8-4F86-93D5-5863412037CF}.Debug|Any CPU.Build.0 = Debug|Any CPU
		{D5DB247E-5DE8-4F86-93D5-5863412037CF}.Release|Any CPU.ActiveCfg = Release|Any CPU
		{D5DB247E-5DE8-4F86-93D5-5863412037CF}.Release|Any CPU.Build.0 = Release|Any CPU
		{7EA9EBF1-978F-41E2-B5F7-CF30E0D121B4}.Debug|Any CPU.ActiveCfg = Debug|Any CPU
		{7EA9EBF1-978F-41E2-B5F7-CF30E0D121B4}.Debug|Any CPU.Build.0 = Debug|Any CPU
		{7EA9EBF1-978F-41E2-B5F7-CF30E0D121B4}.Release|Any CPU.ActiveCfg = Release|Any CPU
		{7EA9EBF1-978F-41E2-B5F7-CF30E0D121B4}.Release|Any CPU.Build.0 = Release|Any CPU
		{70111CB4-46BF-4D95-A8CA-08C2DF7ABE39}.Debug|Any CPU.ActiveCfg = Debug|Any CPU
		{70111CB4-46BF-4D95-A8CA-08C2DF7ABE39}.Debug|Any CPU.Build.0 = Debug|Any CPU
		{70111CB4-46BF-4D95-A8CA-08C2DF7ABE39}.Release|Any CPU.ActiveCfg = Release|Any CPU
		{70111CB4-46BF-4D95-A8CA-08C2DF7ABE39}.Release|Any CPU.Build.0 = Release|Any CPU
		{422BEF6A-3F12-4156-9425-1A4979898305}.Debug|Any CPU.ActiveCfg = Debug|Any CPU
		{422BEF6A-3F12-4156-9425-1A4979898305}.Debug|Any CPU.Build.0 = Debug|Any CPU
		{422BEF6A-3F12-4156-9425-1A4979898305}.Release|Any CPU.ActiveCfg = Release|Any CPU
		{422BEF6A-3F12-4156-9425-1A4979898305}.Release|Any CPU.Build.0 = Release|Any CPU
		{F13F5780-4439-4804-A5F1-3B7041FBA8E0}.Debug|Any CPU.ActiveCfg = Debug|Any CPU
		{F13F5780-4439-4804-A5F1-3B7041FBA8E0}.Debug|Any CPU.Build.0 = Debug|Any CPU
		{F13F5780-4439-4804-A5F1-3B7041FBA8E0}.Release|Any CPU.ActiveCfg = Release|Any CPU
		{F13F5780-4439-4804-A5F1-3B7041FBA8E0}.Release|Any CPU.Build.0 = Release|Any CPU
		{4666AF22-EA00-480A-8B0D-9B94655E7F52}.Debug|Any CPU.ActiveCfg = Debug|Any CPU
		{4666AF22-EA00-480A-8B0D-9B94655E7F52}.Debug|Any CPU.Build.0 = Debug|Any CPU
		{4666AF22-EA00-480A-8B0D-9B94655E7F52}.Release|Any CPU.ActiveCfg = Release|Any CPU
		{4666AF22-EA00-480A-8B0D-9B94655E7F52}.Release|Any CPU.Build.0 = Release|Any CPU
		{0E5EC849-BA70-41D8-8613-3F38BE0963EB}.Debug|Any CPU.ActiveCfg = Debug|Any CPU
		{0E5EC849-BA70-41D8-8613-3F38BE0963EB}.Debug|Any CPU.Build.0 = Debug|Any CPU
		{0E5EC849-BA70-41D8-8613-3F38BE0963EB}.Release|Any CPU.ActiveCfg = Release|Any CPU
		{0E5EC849-BA70-41D8-8613-3F38BE0963EB}.Release|Any CPU.Build.0 = Release|Any CPU
		{C542B7F8-C9A9-4048-9848-D29270E181D8}.Debug|Any CPU.ActiveCfg = Debug|Any CPU
		{C542B7F8-C9A9-4048-9848-D29270E181D8}.Debug|Any CPU.Build.0 = Debug|Any CPU
		{C542B7F8-C9A9-4048-9848-D29270E181D8}.Release|Any CPU.ActiveCfg = Release|Any CPU
		{C542B7F8-C9A9-4048-9848-D29270E181D8}.Release|Any CPU.Build.0 = Release|Any CPU
		{E77190CF-2BA7-4B8C-9735-2E3DBA3E1D7E}.Debug|Any CPU.ActiveCfg = Debug|Any CPU
		{E77190CF-2BA7-4B8C-9735-2E3DBA3E1D7E}.Debug|Any CPU.Build.0 = Debug|Any CPU
		{E77190CF-2BA7-4B8C-9735-2E3DBA3E1D7E}.Release|Any CPU.ActiveCfg = Release|Any CPU
		{E77190CF-2BA7-4B8C-9735-2E3DBA3E1D7E}.Release|Any CPU.Build.0 = Release|Any CPU
		{EC1C7EFE-7FFE-436A-9E1F-0021F9FE8E76}.Debug|Any CPU.ActiveCfg = Debug|Any CPU
		{EC1C7EFE-7FFE-436A-9E1F-0021F9FE8E76}.Debug|Any CPU.Build.0 = Debug|Any CPU
		{EC1C7EFE-7FFE-436A-9E1F-0021F9FE8E76}.Release|Any CPU.ActiveCfg = Release|Any CPU
		{EC1C7EFE-7FFE-436A-9E1F-0021F9FE8E76}.Release|Any CPU.Build.0 = Release|Any CPU
		{93BD077E-8AB5-4D66-AE86-69BAA5A328DD}.Debug|Any CPU.ActiveCfg = Debug|Any CPU
		{93BD077E-8AB5-4D66-AE86-69BAA5A328DD}.Debug|Any CPU.Build.0 = Debug|Any CPU
		{93BD077E-8AB5-4D66-AE86-69BAA5A328DD}.Release|Any CPU.ActiveCfg = Release|Any CPU
		{93BD077E-8AB5-4D66-AE86-69BAA5A328DD}.Release|Any CPU.Build.0 = Release|Any CPU
		{2C8D6D17-E905-4098-A5D2-ABE3EB7A4A76}.Debug|Any CPU.ActiveCfg = Debug|Any CPU
		{2C8D6D17-E905-4098-A5D2-ABE3EB7A4A76}.Debug|Any CPU.Build.0 = Debug|Any CPU
		{2C8D6D17-E905-4098-A5D2-ABE3EB7A4A76}.Release|Any CPU.ActiveCfg = Release|Any CPU
		{2C8D6D17-E905-4098-A5D2-ABE3EB7A4A76}.Release|Any CPU.Build.0 = Release|Any CPU
		{FA91FB5A-3C4E-46DB-BC5A-D3B270FBC787}.Debug|Any CPU.ActiveCfg = Debug|Any CPU
		{FA91FB5A-3C4E-46DB-BC5A-D3B270FBC787}.Debug|Any CPU.Build.0 = Debug|Any CPU
		{FA91FB5A-3C4E-46DB-BC5A-D3B270FBC787}.Release|Any CPU.ActiveCfg = Release|Any CPU
		{FA91FB5A-3C4E-46DB-BC5A-D3B270FBC787}.Release|Any CPU.Build.0 = Release|Any CPU
		{0699EBDD-1AF3-46CB-9ECD-7A17F1B66B84}.Debug|Any CPU.ActiveCfg = Debug|Any CPU
		{0699EBDD-1AF3-46CB-9ECD-7A17F1B66B84}.Debug|Any CPU.Build.0 = Debug|Any CPU
		{0699EBDD-1AF3-46CB-9ECD-7A17F1B66B84}.Release|Any CPU.ActiveCfg = Release|Any CPU
		{0699EBDD-1AF3-46CB-9ECD-7A17F1B66B84}.Release|Any CPU.Build.0 = Release|Any CPU
		{0A058066-496E-47D0-9B71-EB319DE18128}.Debug|Any CPU.ActiveCfg = Debug|Any CPU
		{0A058066-496E-47D0-9B71-EB319DE18128}.Debug|Any CPU.Build.0 = Debug|Any CPU
		{0A058066-496E-47D0-9B71-EB319DE18128}.Release|Any CPU.ActiveCfg = Release|Any CPU
		{0A058066-496E-47D0-9B71-EB319DE18128}.Release|Any CPU.Build.0 = Release|Any CPU
		{93EE3C24-2610-4FB3-BB12-80FC9B69FB02}.Debug|Any CPU.ActiveCfg = Debug|Any CPU
		{93EE3C24-2610-4FB3-BB12-80FC9B69FB02}.Debug|Any CPU.Build.0 = Debug|Any CPU
		{93EE3C24-2610-4FB3-BB12-80FC9B69FB02}.Release|Any CPU.ActiveCfg = Release|Any CPU
		{93EE3C24-2610-4FB3-BB12-80FC9B69FB02}.Release|Any CPU.Build.0 = Release|Any CPU
		{A21EE764-BDB1-42D8-BEE0-3396DF46271F}.Debug|Any CPU.ActiveCfg = Debug|Any CPU
		{A21EE764-BDB1-42D8-BEE0-3396DF46271F}.Debug|Any CPU.Build.0 = Debug|Any CPU
		{A21EE764-BDB1-42D8-BEE0-3396DF46271F}.Release|Any CPU.ActiveCfg = Release|Any CPU
		{A21EE764-BDB1-42D8-BEE0-3396DF46271F}.Release|Any CPU.Build.0 = Release|Any CPU
	EndGlobalSection
	GlobalSection(SolutionProperties) = preSolution
		HideSolutionNode = FALSE
	EndGlobalSection
	GlobalSection(ExtensibilityGlobals) = postSolution
		SolutionGuid = {A3214484-3FC2-4AC1-8961-D91105E9CDBD}
	EndGlobalSection
EndGlobal
